// !$*UTF8*$!
{
	archiveVersion = 1;
	classes = {
	};
	objectVersion = 55;
	objects = {

/* Begin PBXBuildFile section */
		F717193A282A87BF00A686E3 /* CharacterTableViewController.swift in Sources */ = {isa = PBXBuildFile; fileRef = F7171939282A87BF00A686E3 /* CharacterTableViewController.swift */; };
		F79C26AC2801DCAE00C86929 /* AppDelegate.swift in Sources */ = {isa = PBXBuildFile; fileRef = F79C26AB2801DCAE00C86929 /* AppDelegate.swift */; };
		F79C26AE2801DCAE00C86929 /* SceneDelegate.swift in Sources */ = {isa = PBXBuildFile; fileRef = F79C26AD2801DCAE00C86929 /* SceneDelegate.swift */; };
		F79C26B32801DCAE00C86929 /* Main.storyboard in Resources */ = {isa = PBXBuildFile; fileRef = F79C26B12801DCAE00C86929 /* Main.storyboard */; };
		F79C26B52801DCAF00C86929 /* Assets.xcassets in Resources */ = {isa = PBXBuildFile; fileRef = F79C26B42801DCAF00C86929 /* Assets.xcassets */; };
		F79C26B82801DCAF00C86929 /* LaunchScreen.storyboard in Resources */ = {isa = PBXBuildFile; fileRef = F79C26B62801DCAF00C86929 /* LaunchScreen.storyboard */; };
		F79C26C42801DD9900C86929 /* ApiData.swift in Sources */ = {isa = PBXBuildFile; fileRef = F79C26C32801DD9900C86929 /* ApiData.swift */; };
		F79C26C72801E18100C86929 /* StartCollectionViewController.swift in Sources */ = {isa = PBXBuildFile; fileRef = F79C26C62801E18100C86929 /* StartCollectionViewController.swift */; };
		F79C26C92802FCBD00C86929 /* NetworkManager.swift in Sources */ = {isa = PBXBuildFile; fileRef = F79C26C82802FCBD00C86929 /* NetworkManager.swift */; };
		F79C26CC28030F1400C86929 /* StartViewCell.swift in Sources */ = {isa = PBXBuildFile; fileRef = F79C26CB28030F1400C86929 /* StartViewCell.swift */; };
/* End PBXBuildFile section */

/* Begin PBXFileReference section */
		F7171939282A87BF00A686E3 /* CharacterTableViewController.swift */ = {isa = PBXFileReference; lastKnownFileType = sourcecode.swift; path = CharacterTableViewController.swift; sourceTree = "<group>"; };
		F79C26A82801DCAE00C86929 /* BoredApiApp.app */ = {isa = PBXFileReference; explicitFileType = wrapper.application; includeInIndex = 0; path = BoredApiApp.app; sourceTree = BUILT_PRODUCTS_DIR; };
		F79C26AB2801DCAE00C86929 /* AppDelegate.swift */ = {isa = PBXFileReference; lastKnownFileType = sourcecode.swift; path = AppDelegate.swift; sourceTree = "<group>"; };
		F79C26AD2801DCAE00C86929 /* SceneDelegate.swift */ = {isa = PBXFileReference; lastKnownFileType = sourcecode.swift; path = SceneDelegate.swift; sourceTree = "<group>"; };
		F79C26B22801DCAE00C86929 /* Base */ = {isa = PBXFileReference; lastKnownFileType = file.storyboard; name = Base; path = Base.lproj/Main.storyboard; sourceTree = "<group>"; };
		F79C26B42801DCAF00C86929 /* Assets.xcassets */ = {isa = PBXFileReference; lastKnownFileType = folder.assetcatalog; path = Assets.xcassets; sourceTree = "<group>"; };
		F79C26B72801DCAF00C86929 /* Base */ = {isa = PBXFileReference; lastKnownFileType = file.storyboard; name = Base; path = Base.lproj/LaunchScreen.storyboard; sourceTree = "<group>"; };
		F79C26B92801DCAF00C86929 /* Info.plist */ = {isa = PBXFileReference; lastKnownFileType = text.plist.xml; path = Info.plist; sourceTree = "<group>"; };
		F79C26C32801DD9900C86929 /* ApiData.swift */ = {isa = PBXFileReference; lastKnownFileType = sourcecode.swift; path = ApiData.swift; sourceTree = "<group>"; };
		F79C26C62801E18100C86929 /* StartCollectionViewController.swift */ = {isa = PBXFileReference; lastKnownFileType = sourcecode.swift; path = StartCollectionViewController.swift; sourceTree = "<group>"; };
		F79C26C82802FCBD00C86929 /* NetworkManager.swift */ = {isa = PBXFileReference; lastKnownFileType = sourcecode.swift; path = NetworkManager.swift; sourceTree = "<group>"; };
		F79C26CB28030F1400C86929 /* StartViewCell.swift */ = {isa = PBXFileReference; lastKnownFileType = sourcecode.swift; path = StartViewCell.swift; sourceTree = "<group>"; };
/* End PBXFileReference section */

/* Begin PBXFrameworksBuildPhase section */
		F79C26A52801DCAE00C86929 /* Frameworks */ = {
			isa = PBXFrameworksBuildPhase;
			buildActionMask = 2147483647;
			files = (
			);
			runOnlyForDeploymentPostprocessing = 0;
		};
/* End PBXFrameworksBuildPhase section */

/* Begin PBXGroup section */
		F79C269F2801DCAE00C86929 = {
			isa = PBXGroup;
			children = (
				F79C26AA2801DCAE00C86929 /* BoredApiApp */,
				F79C26A92801DCAE00C86929 /* Products */,
			);
			sourceTree = "<group>";
		};
		F79C26A92801DCAE00C86929 /* Products */ = {
			isa = PBXGroup;
			children = (
				F79C26A82801DCAE00C86929 /* BoredApiApp.app */,
			);
			name = Products;
			sourceTree = "<group>";
		};
		F79C26AA2801DCAE00C86929 /* BoredApiApp */ = {
			isa = PBXGroup;
			children = (
				F79C26CA2802FCD100C86929 /* Services */,
				F79C26C02801DD1A00C86929 /* App */,
				F79C26C52801DDA000C86929 /* Models */,
				F79C26BF2801DD0900C86929 /* ViewControllers */,
				F79C26C12801DD4100C86929 /* Storyboards */,
				F79C26C22801DD5400C86929 /* Resourses */,
			);
			path = BoredApiApp;
			sourceTree = "<group>";
		};
		F79C26BF2801DD0900C86929 /* ViewControllers */ = {
			isa = PBXGroup;
			children = (
				F79C26C62801E18100C86929 /* StartCollectionViewController.swift */,
				F7171939282A87BF00A686E3 /* CharacterTableViewController.swift */,
				F79C26CB28030F1400C86929 /* StartViewCell.swift */,
			);
			path = ViewControllers;
			sourceTree = "<group>";
		};
		F79C26C02801DD1A00C86929 /* App */ = {
			isa = PBXGroup;
			children = (
				F79C26B92801DCAF00C86929 /* Info.plist */,
				F79C26AD2801DCAE00C86929 /* SceneDelegate.swift */,
				F79C26AB2801DCAE00C86929 /* AppDelegate.swift */,
			);
			path = App;
			sourceTree = "<group>";
		};
		F79C26C12801DD4100C86929 /* Storyboards */ = {
			isa = PBXGroup;
			children = (
				F79C26B62801DCAF00C86929 /* LaunchScreen.storyboard */,
				F79C26B12801DCAE00C86929 /* Main.storyboard */,
			);
			path = Storyboards;
			sourceTree = "<group>";
		};
		F79C26C22801DD5400C86929 /* Resourses */ = {
			isa = PBXGroup;
			children = (
				F79C26B42801DCAF00C86929 /* Assets.xcassets */,
			);
			path = Resourses;
			sourceTree = "<group>";
		};
		F79C26C52801DDA000C86929 /* Models */ = {
			isa = PBXGroup;
			children = (
				F79C26C32801DD9900C86929 /* ApiData.swift */,
			);
			path = Models;
			sourceTree = "<group>";
		};
		F79C26CA2802FCD100C86929 /* Services */ = {
			isa = PBXGroup;
			children = (
				F79C26C82802FCBD00C86929 /* NetworkManager.swift */,
			);
			path = Services;
			sourceTree = "<group>";
		};
/* End PBXGroup section */

/* Begin PBXNativeTarget section */
		F79C26A72801DCAE00C86929 /* BoredApiApp */ = {
			isa = PBXNativeTarget;
			buildConfigurationList = F79C26BC2801DCAF00C86929 /* Build configuration list for PBXNativeTarget "BoredApiApp" */;
			buildPhases = (
				F79C26A42801DCAE00C86929 /* Sources */,
				F79C26A52801DCAE00C86929 /* Frameworks */,
				F79C26A62801DCAE00C86929 /* Resources */,
			);
			buildRules = (
			);
			dependencies = (
			);
			name = BoredApiApp;
			productName = BoredApiApp;
			productReference = F79C26A82801DCAE00C86929 /* BoredApiApp.app */;
			productType = "com.apple.product-type.application";
		};
/* End PBXNativeTarget section */

/* Begin PBXProject section */
		F79C26A02801DCAE00C86929 /* Project object */ = {
			isa = PBXProject;
			attributes = {
				BuildIndependentTargetsInParallel = 1;
				LastSwiftUpdateCheck = 1330;
				LastUpgradeCheck = 1330;
				TargetAttributes = {
					F79C26A72801DCAE00C86929 = {
						CreatedOnToolsVersion = 13.3;
					};
				};
			};
			buildConfigurationList = F79C26A32801DCAE00C86929 /* Build configuration list for PBXProject "BoredApiApp" */;
			compatibilityVersion = "Xcode 13.0";
			developmentRegion = en;
			hasScannedForEncodings = 0;
			knownRegions = (
				en,
				Base,
			);
			mainGroup = F79C269F2801DCAE00C86929;
			productRefGroup = F79C26A92801DCAE00C86929 /* Products */;
			projectDirPath = "";
			projectRoot = "";
			targets = (
				F79C26A72801DCAE00C86929 /* BoredApiApp */,
			);
		};
/* End PBXProject section */

/* Begin PBXResourcesBuildPhase section */
		F79C26A62801DCAE00C86929 /* Resources */ = {
			isa = PBXResourcesBuildPhase;
			buildActionMask = 2147483647;
			files = (
				F79C26B82801DCAF00C86929 /* LaunchScreen.storyboard in Resources */,
				F79C26B52801DCAF00C86929 /* Assets.xcassets in Resources */,
				F79C26B32801DCAE00C86929 /* Main.storyboard in Resources */,
			);
			runOnlyForDeploymentPostprocessing = 0;
		};
/* End PBXResourcesBuildPhase section */

/* Begin PBXSourcesBuildPhase section */
		F79C26A42801DCAE00C86929 /* Sources */ = {
			isa = PBXSourcesBuildPhase;
			buildActionMask = 2147483647;
			files = (
				F79C26C42801DD9900C86929 /* ApiData.swift in Sources */,
				F79C26CC28030F1400C86929 /* StartViewCell.swift in Sources */,
				F717193A282A87BF00A686E3 /* CharacterTableViewController.swift in Sources */,
				F79C26AC2801DCAE00C86929 /* AppDelegate.swift in Sources */,
				F79C26C92802FCBD00C86929 /* NetworkManager.swift in Sources */,
				F79C26AE2801DCAE00C86929 /* SceneDelegate.swift in Sources */,
				F79C26C72801E18100C86929 /* StartCollectionViewController.swift in Sources */,
			);
			runOnlyForDeploymentPostprocessing = 0;
		};
/* End PBXSourcesBuildPhase section */

/* Begin PBXVariantGroup section */
		F79C26B12801DCAE00C86929 /* Main.storyboard */ = {
			isa = PBXVariantGroup;
			children = (
				F79C26B22801DCAE00C86929 /* Base */,
			);
			name = Main.storyboard;
			sourceTree = "<group>";
		};
		F79C26B62801DCAF00C86929 /* LaunchScreen.storyboard */ = {
			isa = PBXVariantGroup;
			children = (
				F79C26B72801DCAF00C86929 /* Base */,
			);
			name = LaunchScreen.storyboard;
			sourceTree = "<group>";
		};
/* End PBXVariantGroup section */

/* Begin XCBuildConfiguration section */
		F79C26BA2801DCAF00C86929 /* Debug */ = {
			isa = XCBuildConfiguration;
			buildSettings = {
				ALWAYS_SEARCH_USER_PATHS = NO;
				CLANG_ANALYZER_NONNULL = YES;
				CLANG_ANALYZER_NUMBER_OBJECT_CONVERSION = YES_AGGRESSIVE;
				CLANG_CXX_LANGUAGE_STANDARD = "gnu++17";
				CLANG_ENABLE_MODULES = YES;
				CLANG_ENABLE_OBJC_ARC = YES;
				CLANG_ENABLE_OBJC_WEAK = YES;
				CLANG_WARN_BLOCK_CAPTURE_AUTORELEASING = YES;
				CLANG_WARN_BOOL_CONVERSION = YES;
				CLANG_WARN_COMMA = YES;
				CLANG_WARN_CONSTANT_CONVERSION = YES;
				CLANG_WARN_DEPRECATED_OBJC_IMPLEMENTATIONS = YES;
				CLANG_WARN_DIRECT_OBJC_ISA_USAGE = YES_ERROR;
				CLANG_WARN_DOCUMENTATION_COMMENTS = YES;
				CLANG_WARN_EMPTY_BODY = YES;
				CLANG_WARN_ENUM_CONVERSION = YES;
				CLANG_WARN_INFINITE_RECURSION = YES;
				CLANG_WARN_INT_CONVERSION = YES;
				CLANG_WARN_NON_LITERAL_NULL_CONVERSION = YES;
				CLANG_WARN_OBJC_IMPLICIT_RETAIN_SELF = YES;
				CLANG_WARN_OBJC_LITERAL_CONVERSION = YES;
				CLANG_WARN_OBJC_ROOT_CLASS = YES_ERROR;
				CLANG_WARN_QUOTED_INCLUDE_IN_FRAMEWORK_HEADER = YES;
				CLANG_WARN_RANGE_LOOP_ANALYSIS = YES;
				CLANG_WARN_STRICT_PROTOTYPES = YES;
				CLANG_WARN_SUSPICIOUS_MOVE = YES;
				CLANG_WARN_UNGUARDED_AVAILABILITY = YES_AGGRESSIVE;
				CLANG_WARN_UNREACHABLE_CODE = YES;
				CLANG_WARN__DUPLICATE_METHOD_MATCH = YES;
				COPY_PHASE_STRIP = NO;
				DEBUG_INFORMATION_FORMAT = dwarf;
				ENABLE_STRICT_OBJC_MSGSEND = YES;
				ENABLE_TESTABILITY = YES;
				GCC_C_LANGUAGE_STANDARD = gnu11;
				GCC_DYNAMIC_NO_PIC = NO;
				GCC_NO_COMMON_BLOCKS = YES;
				GCC_OPTIMIZATION_LEVEL = 0;
				GCC_PREPROCESSOR_DEFINITIONS = (
					"DEBUG=1",
					"$(inherited)",
				);
				GCC_WARN_64_TO_32_BIT_CONVERSION = YES;
				GCC_WARN_ABOUT_RETURN_TYPE = YES_ERROR;
				GCC_WARN_UNDECLARED_SELECTOR = YES;
				GCC_WARN_UNINITIALIZED_AUTOS = YES_AGGRESSIVE;
				GCC_WARN_UNUSED_FUNCTION = YES;
				GCC_WARN_UNUSED_VARIABLE = YES;
				IPHONEOS_DEPLOYMENT_TARGET = 15.4;
				MTL_ENABLE_DEBUG_INFO = INCLUDE_SOURCE;
				MTL_FAST_MATH = YES;
				ONLY_ACTIVE_ARCH = YES;
				SDKROOT = iphoneos;
				SWIFT_ACTIVE_COMPILATION_CONDITIONS = DEBUG;
				SWIFT_OPTIMIZATION_LEVEL = "-Onone";
			};
			name = Debug;
		};
		F79C26BB2801DCAF00C86929 /* Release */ = {
			isa = XCBuildConfiguration;
			buildSettings = {
				ALWAYS_SEARCH_USER_PATHS = NO;
				CLANG_ANALYZER_NONNULL = YES;
				CLANG_ANALYZER_NUMBER_OBJECT_CONVERSION = YES_AGGRESSIVE;
				CLANG_CXX_LANGUAGE_STANDARD = "gnu++17";
				CLANG_ENABLE_MODULES = YES;
				CLANG_ENABLE_OBJC_ARC = YES;
				CLANG_ENABLE_OBJC_WEAK = YES;
				CLANG_WARN_BLOCK_CAPTURE_AUTORELEASING = YES;
				CLANG_WARN_BOOL_CONVERSION = YES;
				CLANG_WARN_COMMA = YES;
				CLANG_WARN_CONSTANT_CONVERSION = YES;
				CLANG_WARN_DEPRECATED_OBJC_IMPLEMENTATIONS = YES;
				CLANG_WARN_DIRECT_OBJC_ISA_USAGE = YES_ERROR;
				CLANG_WARN_DOCUMENTATION_COMMENTS = YES;
				CLANG_WARN_EMPTY_BODY = YES;
				CLANG_WARN_ENUM_CONVERSION = YES;
				CLANG_WARN_INFINITE_RECURSION = YES;
				CLANG_WARN_INT_CONVERSION = YES;
				CLANG_WARN_NON_LITERAL_NULL_CONVERSION = YES;
				CLANG_WARN_OBJC_IMPLICIT_RETAIN_SELF = YES;
				CLANG_WARN_OBJC_LITERAL_CONVERSION = YES;
				CLANG_WARN_OBJC_ROOT_CLASS = YES_ERROR;
				CLANG_WARN_QUOTED_INCLUDE_IN_FRAMEWORK_HEADER = YES;
				CLANG_WARN_RANGE_LOOP_ANALYSIS = YES;
				CLANG_WARN_STRICT_PROTOTYPES = YES;
				CLANG_WARN_SUSPICIOUS_MOVE = YES;
				CLANG_WARN_UNGUARDED_AVAILABILITY = YES_AGGRESSIVE;
				CLANG_WARN_UNREACHABLE_CODE = YES;
				CLANG_WARN__DUPLICATE_METHOD_MATCH = YES;
				COPY_PHASE_STRIP = NO;
				DEBUG_INFORMATION_FORMAT = "dwarf-with-dsym";
				ENABLE_NS_ASSERTIONS = NO;
				ENABLE_STRICT_OBJC_MSGSEND = YES;
				GCC_C_LANGUAGE_STANDARD = gnu11;
				GCC_NO_COMMON_BLOCKS = YES;
				GCC_WARN_64_TO_32_BIT_CONVERSION = YES;
				GCC_WARN_ABOUT_RETURN_TYPE = YES_ERROR;
				GCC_WARN_UNDECLARED_SELECTOR = YES;
				GCC_WARN_UNINITIALIZED_AUTOS = YES_AGGRESSIVE;
				GCC_WARN_UNUSED_FUNCTION = YES;
				GCC_WARN_UNUSED_VARIABLE = YES;
				IPHONEOS_DEPLOYMENT_TARGET = 15.4;
				MTL_ENABLE_DEBUG_INFO = NO;
				MTL_FAST_MATH = YES;
				SDKROOT = iphoneos;
				SWIFT_COMPILATION_MODE = wholemodule;
				SWIFT_OPTIMIZATION_LEVEL = "-O";
				VALIDATE_PRODUCT = YES;
			};
			name = Release;
		};
		F79C26BD2801DCAF00C86929 /* Debug */ = {
			isa = XCBuildConfiguration;
			buildSettings = {
				ASSETCATALOG_COMPILER_APPICON_NAME = AppIcon;
				ASSETCATALOG_COMPILER_GLOBAL_ACCENT_COLOR_NAME = AccentColor;
				CODE_SIGN_STYLE = Automatic;
				CURRENT_PROJECT_VERSION = 1;
				DEVELOPMENT_TEAM = ASKBC27NSG;
				GENERATE_INFOPLIST_FILE = YES;
				INFOPLIST_FILE = BoredApiApp/App/Info.plist;
				INFOPLIST_KEY_UIApplicationSupportsIndirectInputEvents = YES;
				INFOPLIST_KEY_UILaunchStoryboardName = LaunchScreen;
				INFOPLIST_KEY_UIMainStoryboardFile = Main;
				INFOPLIST_KEY_UISupportedInterfaceOrientations = UIInterfaceOrientationPortrait;
				INFOPLIST_KEY_UISupportedInterfaceOrientations_iPad = "UIInterfaceOrientationPortrait UIInterfaceOrientationPortraitUpsideDown UIInterfaceOrientationLandscapeLeft UIInterfaceOrientationLandscapeRight";
				INFOPLIST_KEY_UISupportedInterfaceOrientations_iPhone = "UIInterfaceOrientationPortrait UIInterfaceOrientationLandscapeLeft UIInterfaceOrientationLandscapeRight";
				LD_RUNPATH_SEARCH_PATHS = (
					"$(inherited)",
					"@executable_path/Frameworks",
				);
				MARKETING_VERSION = 1.0;
				PRODUCT_BUNDLE_IDENTIFIER = com.maximsamus.BoredApiApp;
				PRODUCT_NAME = "$(TARGET_NAME)";
				SWIFT_EMIT_LOC_STRINGS = YES;
				SWIFT_VERSION = 5.0;
				TARGETED_DEVICE_FAMILY = 1;
			};
			name = Debug;
		};
		F79C26BE2801DCAF00C86929 /* Release */ = {
			isa = XCBuildConfiguration;
			buildSettings = {
				ASSETCATALOG_COMPILER_APPICON_NAME = AppIcon;
				ASSETCATALOG_COMPILER_GLOBAL_ACCENT_COLOR_NAME = AccentColor;
				CODE_SIGN_STYLE = Automatic;
				CURRENT_PROJECT_VERSION = 1;
				DEVELOPMENT_TEAM = ASKBC27NSG;
				GENERATE_INFOPLIST_FILE = YES;
				INFOPLIST_FILE = BoredApiApp/App/Info.plist;
				INFOPLIST_KEY_UIApplicationSupportsIndirectInputEvents = YES;
				INFOPLIST_KEY_UILaunchStoryboardName = LaunchScreen;
				INFOPLIST_KEY_UIMainStoryboardFile = Main;
				INFOPLIST_KEY_UISupportedInterfaceOrientations = UIInterfaceOrientationPortrait;
				INFOPLIST_KEY_UISupportedInterfaceOrientations_iPad = "UIInterfaceOrientationPortrait UIInterfaceOrientationPortraitUpsideDown UIInterfaceOrientationLandscapeLeft UIInterfaceOrientationLandscapeRight";
				INFOPLIST_KEY_UISupportedInterfaceOrientations_iPhone = "UIInterfaceOrientationPortrait UIInterfaceOrientationLandscapeLeft UIInterfaceOrientationLandscapeRight";
				LD_RUNPATH_SEARCH_PATHS = (
					"$(inherited)",
					"@executable_path/Frameworks",
				);
				MARKETING_VERSION = 1.0;
				PRODUCT_BUNDLE_IDENTIFIER = com.maximsamus.BoredApiApp;
				PRODUCT_NAME = "$(TARGET_NAME)";
				SWIFT_EMIT_LOC_STRINGS = YES;
				SWIFT_VERSION = 5.0;
				TARGETED_DEVICE_FAMILY = 1;
			};
			name = Release;
		};
/* End XCBuildConfiguration section */

/* Begin XCConfigurationList section */
		F79C26A32801DCAE00C86929 /* Build configuration list for PBXProject "BoredApiApp" */ = {
			isa = XCConfigurationList;
			buildConfigurations = (
				F79C26BA2801DCAF00C86929 /* Debug */,
				F79C26BB2801DCAF00C86929 /* Release */,
			);
			defaultConfigurationIsVisible = 0;
			defaultConfigurationName = Release;
		};
		F79C26BC2801DCAF00C86929 /* Build configuration list for PBXNativeTarget "BoredApiApp" */ = {
			isa = XCConfigurationList;
			buildConfigurations = (
				F79C26BD2801DCAF00C86929 /* Debug */,
				F79C26BE2801DCAF00C86929 /* Release */,
			);
			defaultConfigurationIsVisible = 0;
			defaultConfigurationName = Release;
		};
/* End XCConfigurationList section */
	};
	rootObject = F79C26A02801DCAE00C86929 /* Project object */;
}
